
Microsoft Visual Studio Solution File, Format Version 12.00
# Visual Studio Version 17
VisualStudioVersion = 17.2.32526.322
MinimumVisualStudioVersion = 10.0.40219.1
Project("{FAE04EC0-301F-11D3-BF4B-00C04F79EFBC}") = "TryChatGPT", "TryChatGPT.csproj", "{097A9A4A-8C6E-4909-B967-B418853FA8FD}"
EndProject
Global
	GlobalSection(SolutionConfigurationPlatforms) = preSolution
		Debug|Any CPU = Debug|Any CPU
		Release|Any CPU = Release|Any CPU
	EndGlobalSection
	GlobalSection(ProjectConfigurationPlatforms) = postSolution
		{097A9A4A-8C6E-4909-B967-B418853FA8FD}.Debug|Any CPU.ActiveCfg = Debug|Any CPU
		{097A9A4A-8C6E-4909-B967-B418853FA8FD}.Debug|Any CPU.Build.0 = Debug|Any CPU
		{097A9A4A-8C6E-4909-B967-B418853FA8FD}.Release|Any CPU.ActiveCfg = Release|Any CPU
		{097A9A4A-8C6E-4909-B967-B418853FA8FD}.Release|Any CPU.Build.0 = Release|Any CPU
	EndGlobalSection
	GlobalSection(SolutionProperties) = preSolution
		HideSolutionNode = FALSE
	EndGlobalSection
	GlobalSection(ExtensibilityGlobals) = postSolution
		SolutionGuid = {4F1EECCE-1075-4F55-B2C1-F787993ACCAC}
	EndGlobalSection
EndGlobal
